// !$*UTF8*$!
{
	archiveVersion = 1;
	classes = {
	};
	objectVersion = 50;
	objects = {

/* Begin PBXBuildFile section */
		323977522712FD6D00F14E92 /* AppDelegate.swift in Sources */ = {isa = PBXBuildFile; fileRef = 323977512712FD6D00F14E92 /* AppDelegate.swift */; };
		323977542712FD6D00F14E92 /* SceneDelegate.swift in Sources */ = {isa = PBXBuildFile; fileRef = 323977532712FD6D00F14E92 /* SceneDelegate.swift */; };
		3239775B2712FD6E00F14E92 /* Assets.xcassets in Resources */ = {isa = PBXBuildFile; fileRef = 3239775A2712FD6E00F14E92 /* Assets.xcassets */; };
		3239775E2712FD6E00F14E92 /* LaunchScreen.storyboard in Resources */ = {isa = PBXBuildFile; fileRef = 3239775C2712FD6E00F14E92 /* LaunchScreen.storyboard */; };
		329E65C92712FF47005227EC /* CustomView.swift in Sources */ = {isa = PBXBuildFile; fileRef = 329E65C82712FF47005227EC /* CustomView.swift */; };
		329E65D127130348005227EC /* OnboardingViewController.swift in Sources */ = {isa = PBXBuildFile; fileRef = 329E65D027130348005227EC /* OnboardingViewController.swift */; };
		329E65DD27132A9C005227EC /* OnboardModel.swift in Sources */ = {isa = PBXBuildFile; fileRef = 329E65DC27132A9C005227EC /* OnboardModel.swift */; };
		32B53C98271456FE008BB1FF /* MainViewController.swift in Sources */ = {isa = PBXBuildFile; fileRef = 32B53C97271456FE008BB1FF /* MainViewController.swift */; };
/* End PBXBuildFile section */

/* Begin PBXFileReference section */
		3239774E2712FD6D00F14E92 /* OnboardingTravelApp.app */ = {isa = PBXFileReference; explicitFileType = wrapper.application; includeInIndex = 0; path = OnboardingTravelApp.app; sourceTree = BUILT_PRODUCTS_DIR; };
		323977512712FD6D00F14E92 /* AppDelegate.swift */ = {isa = PBXFileReference; lastKnownFileType = sourcecode.swift; path = AppDelegate.swift; sourceTree = "<group>"; };
		323977532712FD6D00F14E92 /* SceneDelegate.swift */ = {isa = PBXFileReference; lastKnownFileType = sourcecode.swift; path = SceneDelegate.swift; sourceTree = "<group>"; };
		3239775A2712FD6E00F14E92 /* Assets.xcassets */ = {isa = PBXFileReference; lastKnownFileType = folder.assetcatalog; path = Assets.xcassets; sourceTree = "<group>"; };
		3239775D2712FD6E00F14E92 /* Base */ = {isa = PBXFileReference; lastKnownFileType = file.storyboard; name = Base; path = Base.lproj/LaunchScreen.storyboard; sourceTree = "<group>"; };
		3239775F2712FD6E00F14E92 /* Info.plist */ = {isa = PBXFileReference; lastKnownFileType = text.plist.xml; path = Info.plist; sourceTree = "<group>"; };
		329E65C82712FF47005227EC /* CustomView.swift */ = {isa = PBXFileReference; lastKnownFileType = sourcecode.swift; path = CustomView.swift; sourceTree = "<group>"; };
		329E65D027130348005227EC /* OnboardingViewController.swift */ = {isa = PBXFileReference; lastKnownFileType = sourcecode.swift; path = OnboardingViewController.swift; sourceTree = "<group>"; };
		329E65DC27132A9C005227EC /* OnboardModel.swift */ = {isa = PBXFileReference; lastKnownFileType = sourcecode.swift; path = OnboardModel.swift; sourceTree = "<group>"; };
		32B53C97271456FE008BB1FF /* MainViewController.swift */ = {isa = PBXFileReference; lastKnownFileType = sourcecode.swift; path = MainViewController.swift; sourceTree = "<group>"; };
/* End PBXFileReference section */

/* Begin PBXFrameworksBuildPhase section */
		3239774B2712FD6D00F14E92 /* Frameworks */ = {
			isa = PBXFrameworksBuildPhase;
			buildActionMask = 2147483647;
			files = (
			);
			runOnlyForDeploymentPostprocessing = 0;
		};
/* End PBXFrameworksBuildPhase section */

/* Begin PBXGroup section */
		323977452712FD6D00F14E92 = {
			isa = PBXGroup;
			children = (
				323977502712FD6D00F14E92 /* OnboardingTravelApp */,
				3239774F2712FD6D00F14E92 /* Products */,
			);
			sourceTree = "<group>";
		};
		3239774F2712FD6D00F14E92 /* Products */ = {
			isa = PBXGroup;
			children = (
				3239774E2712FD6D00F14E92 /* OnboardingTravelApp.app */,
			);
			name = Products;
			sourceTree = "<group>";
		};
		323977502712FD6D00F14E92 /* OnboardingTravelApp */ = {
			isa = PBXGroup;
			children = (
				323977512712FD6D00F14E92 /* AppDelegate.swift */,
				323977532712FD6D00F14E92 /* SceneDelegate.swift */,
				329E65C52712FF02005227EC /* Model */,
				329E65C62712FF09005227EC /* View */,
				329E65C42712FEFD005227EC /* Controller */,
				3239775A2712FD6E00F14E92 /* Assets.xcassets */,
				329E65C72712FF13005227EC /* Utils */,
			);
			path = OnboardingTravelApp;
			sourceTree = "<group>";
		};
		329E65C42712FEFD005227EC /* Controller */ = {
			isa = PBXGroup;
			children = (
				329E65D027130348005227EC /* OnboardingViewController.swift */,
				32B53C97271456FE008BB1FF /* MainViewController.swift */,
			);
			path = Controller;
			sourceTree = "<group>";
		};
		329E65C52712FF02005227EC /* Model */ = {
			isa = PBXGroup;
			children = (
				329E65DC27132A9C005227EC /* OnboardModel.swift */,
			);
			path = Model;
			sourceTree = "<group>";
		};
		329E65C62712FF09005227EC /* View */ = {
			isa = PBXGroup;
			children = (
				329E65C82712FF47005227EC /* CustomView.swift */,
			);
			path = View;
			sourceTree = "<group>";
		};
		329E65C72712FF13005227EC /* Utils */ = {
			isa = PBXGroup;
			children = (
				3239775C2712FD6E00F14E92 /* LaunchScreen.storyboard */,
				3239775F2712FD6E00F14E92 /* Info.plist */,
			);
			path = Utils;
			sourceTree = "<group>";
		};
/* End PBXGroup section */

/* Begin PBXNativeTarget section */
		3239774D2712FD6D00F14E92 /* OnboardingTravelApp */ = {
			isa = PBXNativeTarget;
			buildConfigurationList = 323977622712FD6E00F14E92 /* Build configuration list for PBXNativeTarget "OnboardingTravelApp" */;
			buildPhases = (
				3239774A2712FD6D00F14E92 /* Sources */,
				3239774B2712FD6D00F14E92 /* Frameworks */,
				3239774C2712FD6D00F14E92 /* Resources */,
			);
			buildRules = (
			);
			dependencies = (
			);
			name = OnboardingTravelApp;
			productName = OnboardingTravelApp;
			productReference = 3239774E2712FD6D00F14E92 /* OnboardingTravelApp.app */;
			productType = "com.apple.product-type.application";
		};
/* End PBXNativeTarget section */

/* Begin PBXProject section */
		323977462712FD6D00F14E92 /* Project object */ = {
			isa = PBXProject;
			attributes = {
				LastSwiftUpdateCheck = 1240;
				LastUpgradeCheck = 1240;
				TargetAttributes = {
					3239774D2712FD6D00F14E92 = {
						CreatedOnToolsVersion = 12.4;
					};
				};
			};
			buildConfigurationList = 323977492712FD6D00F14E92 /* Build configuration list for PBXProject "OnboardingTravelApp" */;
			compatibilityVersion = "Xcode 9.3";
			developmentRegion = en;
			hasScannedForEncodings = 0;
			knownRegions = (
				en,
				Base,
			);
			mainGroup = 323977452712FD6D00F14E92;
			productRefGroup = 3239774F2712FD6D00F14E92 /* Products */;
			projectDirPath = "";
			projectRoot = "";
			targets = (
				3239774D2712FD6D00F14E92 /* OnboardingTravelApp */,
			);
		};
/* End PBXProject section */

/* Begin PBXResourcesBuildPhase section */
		3239774C2712FD6D00F14E92 /* Resources */ = {
			isa = PBXResourcesBuildPhase;
			buildActionMask = 2147483647;
			files = (
				3239775E2712FD6E00F14E92 /* LaunchScreen.storyboard in Resources */,
				3239775B2712FD6E00F14E92 /* Assets.xcassets in Resources */,
			);
			runOnlyForDeploymentPostprocessing = 0;
		};
/* End PBXResourcesBuildPhase section */

/* Begin PBXSourcesBuildPhase section */
		3239774A2712FD6D00F14E92 /* Sources */ = {
			isa = PBXSourcesBuildPhase;
			buildActionMask = 2147483647;
			files = (
				329E65C92712FF47005227EC /* CustomView.swift in Sources */,
				329E65DD27132A9C005227EC /* OnboardModel.swift in Sources */,
				329E65D127130348005227EC /* OnboardingViewController.swift in Sources */,
				32B53C98271456FE008BB1FF /* MainViewController.swift in Sources */,
				323977522712FD6D00F14E92 /* AppDelegate.swift in Sources */,
				323977542712FD6D00F14E92 /* SceneDelegate.swift in Sources */,
			);
			runOnlyForDeploymentPostprocessing = 0;
		};
/* End PBXSourcesBuildPhase section */

/* Begin PBXVariantGroup section */
		3239775C2712FD6E00F14E92 /* LaunchScreen.storyboard */ = {
			isa = PBXVariantGroup;
			children = (
				3239775D2712FD6E00F14E92 /* Base */,
			);
			name = LaunchScreen.storyboard;
			sourceTree = "<group>";
		};
/* End PBXVariantGroup section */

/* Begin XCBuildConfiguration section */
		323977602712FD6E00F14E92 /* Debug */ = {
			isa = XCBuildConfiguration;
			buildSettings = {
				ALWAYS_SEARCH_USER_PATHS = NO;
				CLANG_ANALYZER_NONNULL = YES;
				CLANG_ANALYZER_NUMBER_OBJECT_CONVERSION = YES_AGGRESSIVE;
				CLANG_CXX_LANGUAGE_STANDARD = "gnu++14";
				CLANG_CXX_LIBRARY = "libc++";
				CLANG_ENABLE_MODULES = YES;
				CLANG_ENABLE_OBJC_ARC = YES;
				CLANG_ENABLE_OBJC_WEAK = YES;
				CLANG_WARN_BLOCK_CAPTURE_AUTORELEASING = YES;
				CLANG_WARN_BOOL_CONVERSION = YES;
				CLANG_WARN_COMMA = YES;
				CLANG_WARN_CONSTANT_CONVERSION = YES;
				CLANG_WARN_DEPRECATED_OBJC_IMPLEMENTATIONS = YES;
				CLANG_WARN_DIRECT_OBJC_ISA_USAGE = YES_ERROR;
				CLANG_WARN_DOCUMENTATION_COMMENTS = YES;
				CLANG_WARN_EMPTY_BODY = YES;
				CLANG_WARN_ENUM_CONVERSION = YES;
				CLANG_WARN_INFINITE_RECURSION = YES;
				CLANG_WARN_INT_CONVERSION = YES;
				CLANG_WARN_NON_LITERAL_NULL_CONVERSION = YES;
				CLANG_WARN_OBJC_IMPLICIT_RETAIN_SELF = YES;
				CLANG_WARN_OBJC_LITERAL_CONVERSION = YES;
				CLANG_WARN_OBJC_ROOT_CLASS = YES_ERROR;
				CLANG_WARN_QUOTED_INCLUDE_IN_FRAMEWORK_HEADER = YES;
				CLANG_WARN_RANGE_LOOP_ANALYSIS = YES;
				CLANG_WARN_STRICT_PROTOTYPES = YES;
				CLANG_WARN_SUSPICIOUS_MOVE = YES;
				CLANG_WARN_UNGUARDED_AVAILABILITY = YES_AGGRESSIVE;
				CLANG_WARN_UNREACHABLE_CODE = YES;
				CLANG_WARN__DUPLICATE_METHOD_MATCH = YES;
				COPY_PHASE_STRIP = NO;
				DEBUG_INFORMATION_FORMAT = dwarf;
				ENABLE_STRICT_OBJC_MSGSEND = YES;
				ENABLE_TESTABILITY = YES;
				GCC_C_LANGUAGE_STANDARD = gnu11;
				GCC_DYNAMIC_NO_PIC = NO;
				GCC_NO_COMMON_BLOCKS = YES;
				GCC_OPTIMIZATION_LEVEL = 0;
				GCC_PREPROCESSOR_DEFINITIONS = (
					"DEBUG=1",
					"$(inherited)",
				);
				GCC_WARN_64_TO_32_BIT_CONVERSION = YES;
				GCC_WARN_ABOUT_RETURN_TYPE = YES_ERROR;
				GCC_WARN_UNDECLARED_SELECTOR = YES;
				GCC_WARN_UNINITIALIZED_AUTOS = YES_AGGRESSIVE;
				GCC_WARN_UNUSED_FUNCTION = YES;
				GCC_WARN_UNUSED_VARIABLE = YES;
				IPHONEOS_DEPLOYMENT_TARGET = 14.4;
				MTL_ENABLE_DEBUG_INFO = INCLUDE_SOURCE;
				MTL_FAST_MATH = YES;
				ONLY_ACTIVE_ARCH = YES;
				SDKROOT = iphoneos;
				SWIFT_ACTIVE_COMPILATION_CONDITIONS = DEBUG;
				SWIFT_OPTIMIZATION_LEVEL = "-Onone";
			};
			name = Debug;
		};
		323977612712FD6E00F14E92 /* Release */ = {
			isa = XCBuildConfiguration;
			buildSettings = {
				ALWAYS_SEARCH_USER_PATHS = NO;
				CLANG_ANALYZER_NONNULL = YES;
				CLANG_ANALYZER_NUMBER_OBJECT_CONVERSION = YES_AGGRESSIVE;
				CLANG_CXX_LANGUAGE_STANDARD = "gnu++14";
				CLANG_CXX_LIBRARY = "libc++";
				CLANG_ENABLE_MODULES = YES;
				CLANG_ENABLE_OBJC_ARC = YES;
				CLANG_ENABLE_OBJC_WEAK = YES;
				CLANG_WARN_BLOCK_CAPTURE_AUTORELEASING = YES;
				CLANG_WARN_BOOL_CONVERSION = YES;
				CLANG_WARN_COMMA = YES;
				CLANG_WARN_CONSTANT_CONVERSION = YES;
				CLANG_WARN_DEPRECATED_OBJC_IMPLEMENTATIONS = YES;
				CLANG_WARN_DIRECT_OBJC_ISA_USAGE = YES_ERROR;
				CLANG_WARN_DOCUMENTATION_COMMENTS = YES;
				CLANG_WARN_EMPTY_BODY = YES;
				CLANG_WARN_ENUM_CONVERSION = YES;
				CLANG_WARN_INFINITE_RECURSION = YES;
				CLANG_WARN_INT_CONVERSION = YES;
				CLANG_WARN_NON_LITERAL_NULL_CONVERSION = YES;
				CLANG_WARN_OBJC_IMPLICIT_RETAIN_SELF = YES;
				CLANG_WARN_OBJC_LITERAL_CONVERSION = YES;
				CLANG_WARN_OBJC_ROOT_CLASS = YES_ERROR;
				CLANG_WARN_QUOTED_INCLUDE_IN_FRAMEWORK_HEADER = YES;
				CLANG_WARN_RANGE_LOOP_ANALYSIS = YES;
				CLANG_WARN_STRICT_PROTOTYPES = YES;
				CLANG_WARN_SUSPICIOUS_MOVE = YES;
				CLANG_WARN_UNGUARDED_AVAILABILITY = YES_AGGRESSIVE;
				CLANG_WARN_UNREACHABLE_CODE = YES;
				CLANG_WARN__DUPLICATE_METHOD_MATCH = YES;
				COPY_PHASE_STRIP = NO;
				DEBUG_INFORMATION_FORMAT = "dwarf-with-dsym";
				ENABLE_NS_ASSERTIONS = NO;
				ENABLE_STRICT_OBJC_MSGSEND = YES;
				GCC_C_LANGUAGE_STANDARD = gnu11;
				GCC_NO_COMMON_BLOCKS = YES;
				GCC_WARN_64_TO_32_BIT_CONVERSION = YES;
				GCC_WARN_ABOUT_RETURN_TYPE = YES_ERROR;
				GCC_WARN_UNDECLARED_SELECTOR = YES;
				GCC_WARN_UNINITIALIZED_AUTOS = YES_AGGRESSIVE;
				GCC_WARN_UNUSED_FUNCTION = YES;
				GCC_WARN_UNUSED_VARIABLE = YES;
				IPHONEOS_DEPLOYMENT_TARGET = 14.4;
				MTL_ENABLE_DEBUG_INFO = NO;
				MTL_FAST_MATH = YES;
				SDKROOT = iphoneos;
				SWIFT_COMPILATION_MODE = wholemodule;
				SWIFT_OPTIMIZATION_LEVEL = "-O";
				VALIDATE_PRODUCT = YES;
			};
			name = Release;
		};
		323977632712FD6E00F14E92 /* Debug */ = {
			isa = XCBuildConfiguration;
			buildSettings = {
				ASSETCATALOG_COMPILER_APPICON_NAME = AppIcon;
				ASSETCATALOG_COMPILER_GLOBAL_ACCENT_COLOR_NAME = AccentColor;
				CODE_SIGN_STYLE = Automatic;
				DEVELOPMENT_TEAM = R6AZ426NSP;
				INFOPLIST_FILE = OnboardingTravelApp/Utils/Info.plist;
				LD_RUNPATH_SEARCH_PATHS = (
					"$(inherited)",
					"@executable_path/Frameworks",
				);
				PRODUCT_BUNDLE_IDENTIFIER = "ru.yatsyuk.dev-mail.OnboardingTravelApp";
				PRODUCT_NAME = "$(TARGET_NAME)";
				SWIFT_VERSION = 5.0;
				TARGETED_DEVICE_FAMILY = 1;
			};
			name = Debug;
		};
		323977642712FD6E00F14E92 /* Release */ = {
			isa = XCBuildConfiguration;
			buildSettings = {
				ASSETCATALOG_COMPILER_APPICON_NAME = AppIcon;
				ASSETCATALOG_COMPILER_GLOBAL_ACCENT_COLOR_NAME = AccentColor;
				CODE_SIGN_STYLE = Automatic;
				DEVELOPMENT_TEAM = R6AZ426NSP;
				INFOPLIST_FILE = OnboardingTravelApp/Utils/Info.plist;
				LD_RUNPATH_SEARCH_PATHS = (
					"$(inherited)",
					"@executable_path/Frameworks",
				);
				PRODUCT_BUNDLE_IDENTIFIER = "ru.yatsyuk.dev-mail.OnboardingTravelApp";
				PRODUCT_NAME = "$(TARGET_NAME)";
				SWIFT_VERSION = 5.0;
				TARGETED_DEVICE_FAMILY = 1;
			};
			name = Release;
		};
/* End XCBuildConfiguration section */

/* Begin XCConfigurationList section */
		323977492712FD6D00F14E92 /* Build configuration list for PBXProject "OnboardingTravelApp" */ = {
			isa = XCConfigurationList;
			buildConfigurations = (
				323977602712FD6E00F14E92 /* Debug */,
				323977612712FD6E00F14E92 /* Release */,
			);
			defaultConfigurationIsVisible = 0;
			defaultConfigurationName = Release;
		};
		323977622712FD6E00F14E92 /* Build configuration list for PBXNativeTarget "OnboardingTravelApp" */ = {
			isa = XCConfigurationList;
			buildConfigurations = (
				323977632712FD6E00F14E92 /* Debug */,
				323977642712FD6E00F14E92 /* Release */,
			);
			defaultConfigurationIsVisible = 0;
			defaultConfigurationName = Release;
		};
/* End XCConfigurationList section */
	};
	rootObject = 323977462712FD6D00F14E92 /* Project object */;
}
