// !$*UTF8*$!
{
	archiveVersion = 1;
	classes = {
	};
	objectVersion = 51;
	objects = {

/* Begin PBXBuildFile section */
		326BC84D25E4F719005C6DEC /* AppDelegate.swift in Sources */ = {isa = PBXBuildFile; fileRef = 326BC84C25E4F719005C6DEC /* AppDelegate.swift */; };
		326BC84F25E4F719005C6DEC /* SceneDelegate.swift in Sources */ = {isa = PBXBuildFile; fileRef = 326BC84E25E4F719005C6DEC /* SceneDelegate.swift */; };
		326BC85125E4F719005C6DEC /* ViewController.swift in Sources */ = {isa = PBXBuildFile; fileRef = 326BC85025E4F719005C6DEC /* ViewController.swift */; };
		326BC85425E4F719005C6DEC /* Main.storyboard in Resources */ = {isa = PBXBuildFile; fileRef = 326BC85225E4F719005C6DEC /* Main.storyboard */; };
		326BC85625E4F71A005C6DEC /* Assets.xcassets in Resources */ = {isa = PBXBuildFile; fileRef = 326BC85525E4F71A005C6DEC /* Assets.xcassets */; };
		326BC85925E4F71A005C6DEC /* LaunchScreen.storyboard in Resources */ = {isa = PBXBuildFile; fileRef = 326BC85725E4F71A005C6DEC /* LaunchScreen.storyboard */; };
		E65AFC272F667A302301FCE0 /* Pods_SlidingCards.framework in Frameworks */ = {isa = PBXBuildFile; fileRef = 536F0DB3DF90C10F02D2AF1E /* Pods_SlidingCards.framework */; };
/* End PBXBuildFile section */

/* Begin PBXFileReference section */
		326BC84925E4F719005C6DEC /* SlidingCards.app */ = {isa = PBXFileReference; explicitFileType = wrapper.application; includeInIndex = 0; path = SlidingCards.app; sourceTree = BUILT_PRODUCTS_DIR; };
		326BC84C25E4F719005C6DEC /* AppDelegate.swift */ = {isa = PBXFileReference; lastKnownFileType = sourcecode.swift; path = AppDelegate.swift; sourceTree = "<group>"; };
		326BC84E25E4F719005C6DEC /* SceneDelegate.swift */ = {isa = PBXFileReference; lastKnownFileType = sourcecode.swift; path = SceneDelegate.swift; sourceTree = "<group>"; };
		326BC85025E4F719005C6DEC /* ViewController.swift */ = {isa = PBXFileReference; lastKnownFileType = sourcecode.swift; path = ViewController.swift; sourceTree = "<group>"; };
		326BC85325E4F719005C6DEC /* Base */ = {isa = PBXFileReference; lastKnownFileType = file.storyboard; name = Base; path = Base.lproj/Main.storyboard; sourceTree = "<group>"; };
		326BC85525E4F71A005C6DEC /* Assets.xcassets */ = {isa = PBXFileReference; lastKnownFileType = folder.assetcatalog; path = Assets.xcassets; sourceTree = "<group>"; };
		326BC85825E4F71A005C6DEC /* Base */ = {isa = PBXFileReference; lastKnownFileType = file.storyboard; name = Base; path = Base.lproj/LaunchScreen.storyboard; sourceTree = "<group>"; };
		326BC85A25E4F71A005C6DEC /* Info.plist */ = {isa = PBXFileReference; lastKnownFileType = text.plist.xml; path = Info.plist; sourceTree = "<group>"; };
		3E273605B82FB9FBBB1B6EF4 /* Pods-SlidingCards.release.xcconfig */ = {isa = PBXFileReference; includeInIndex = 1; lastKnownFileType = text.xcconfig; name = "Pods-SlidingCards.release.xcconfig"; path = "Target Support Files/Pods-SlidingCards/Pods-SlidingCards.release.xcconfig"; sourceTree = "<group>"; };
		536F0DB3DF90C10F02D2AF1E /* Pods_SlidingCards.framework */ = {isa = PBXFileReference; explicitFileType = wrapper.framework; includeInIndex = 0; path = Pods_SlidingCards.framework; sourceTree = BUILT_PRODUCTS_DIR; };
		ACE576CFF42B6D4A8768B421 /* Pods-SlidingCards.debug.xcconfig */ = {isa = PBXFileReference; includeInIndex = 1; lastKnownFileType = text.xcconfig; name = "Pods-SlidingCards.debug.xcconfig"; path = "Target Support Files/Pods-SlidingCards/Pods-SlidingCards.debug.xcconfig"; sourceTree = "<group>"; };
/* End PBXFileReference section */

/* Begin PBXFrameworksBuildPhase section */
		326BC84625E4F719005C6DEC /* Frameworks */ = {
			isa = PBXFrameworksBuildPhase;
			buildActionMask = 2147483647;
			files = (
				E65AFC272F667A302301FCE0 /* Pods_SlidingCards.framework in Frameworks */,
			);
			runOnlyForDeploymentPostprocessing = 0;
		};
/* End PBXFrameworksBuildPhase section */

/* Begin PBXGroup section */
		23026A9B51AD743FCB3B5A74 /* Frameworks */ = {
			isa = PBXGroup;
			children = (
				536F0DB3DF90C10F02D2AF1E /* Pods_SlidingCards.framework */,
			);
			name = Frameworks;
			sourceTree = "<group>";
		};
		326BC84025E4F719005C6DEC = {
			isa = PBXGroup;
			children = (
				326BC84B25E4F719005C6DEC /* SlidingCards */,
				326BC84A25E4F719005C6DEC /* Products */,
				53B7E44AD3E9771132237058 /* Pods */,
				23026A9B51AD743FCB3B5A74 /* Frameworks */,
			);
			sourceTree = "<group>";
		};
		326BC84A25E4F719005C6DEC /* Products */ = {
			isa = PBXGroup;
			children = (
				326BC84925E4F719005C6DEC /* SlidingCards.app */,
			);
			name = Products;
			sourceTree = "<group>";
		};
		326BC84B25E4F719005C6DEC /* SlidingCards */ = {
			isa = PBXGroup;
			children = (
				32B19FBF25F8CFC500523986 /* Controllers */,
				32B19FC025F8CFCA00523986 /* View */,
				326BC84C25E4F719005C6DEC /* AppDelegate.swift */,
				326BC84E25E4F719005C6DEC /* SceneDelegate.swift */,
				326BC85A25E4F71A005C6DEC /* Info.plist */,
			);
			path = SlidingCards;
			sourceTree = "<group>";
		};
		32B19FBF25F8CFC500523986 /* Controllers */ = {
			isa = PBXGroup;
			children = (
				326BC85025E4F719005C6DEC /* ViewController.swift */,
			);
			path = Controllers;
			sourceTree = "<group>";
		};
		32B19FC025F8CFCA00523986 /* View */ = {
			isa = PBXGroup;
			children = (
				326BC85725E4F71A005C6DEC /* LaunchScreen.storyboard */,
				326BC85225E4F719005C6DEC /* Main.storyboard */,
				326BC85525E4F71A005C6DEC /* Assets.xcassets */,
			);
			path = View;
			sourceTree = "<group>";
		};
		53B7E44AD3E9771132237058 /* Pods */ = {
			isa = PBXGroup;
			children = (
				ACE576CFF42B6D4A8768B421 /* Pods-SlidingCards.debug.xcconfig */,
				3E273605B82FB9FBBB1B6EF4 /* Pods-SlidingCards.release.xcconfig */,
			);
			path = Pods;
			sourceTree = "<group>";
		};
/* End PBXGroup section */

/* Begin PBXNativeTarget section */
		326BC84825E4F719005C6DEC /* SlidingCards */ = {
			isa = PBXNativeTarget;
			buildConfigurationList = 326BC85D25E4F71A005C6DEC /* Build configuration list for PBXNativeTarget "SlidingCards" */;
			buildPhases = (
				8ED56134AF348980A9FC40A1 /* [CP] Check Pods Manifest.lock */,
				326BC84525E4F719005C6DEC /* Sources */,
				326BC84625E4F719005C6DEC /* Frameworks */,
				326BC84725E4F719005C6DEC /* Resources */,
				B0A52E80CEF3574B1F8CDBC5 /* [CP] Embed Pods Frameworks */,
			);
			buildRules = (
			);
			dependencies = (
			);
			name = SlidingCards;
			productName = SlidingCards;
			productReference = 326BC84925E4F719005C6DEC /* SlidingCards.app */;
			productType = "com.apple.product-type.application";
		};
/* End PBXNativeTarget section */

/* Begin PBXProject section */
		326BC84125E4F719005C6DEC /* Project object */ = {
			isa = PBXProject;
			attributes = {
				LastSwiftUpdateCheck = 1240;
				LastUpgradeCheck = 1240;
				TargetAttributes = {
					326BC84825E4F719005C6DEC = {
						CreatedOnToolsVersion = 12.4;
					};
				};
			};
			buildConfigurationList = 326BC84425E4F719005C6DEC /* Build configuration list for PBXProject "SlidingCards" */;
			compatibilityVersion = "Xcode 9.3";
			developmentRegion = en;
			hasScannedForEncodings = 0;
			knownRegions = (
				en,
				Base,
			);
			mainGroup = 326BC84025E4F719005C6DEC;
			productRefGroup = 326BC84A25E4F719005C6DEC /* Products */;
			projectDirPath = "";
			projectRoot = "";
			targets = (
				326BC84825E4F719005C6DEC /* SlidingCards */,
			);
		};
/* End PBXProject section */

/* Begin PBXResourcesBuildPhase section */
		326BC84725E4F719005C6DEC /* Resources */ = {
			isa = PBXResourcesBuildPhase;
			buildActionMask = 2147483647;
			files = (
				326BC85925E4F71A005C6DEC /* LaunchScreen.storyboard in Resources */,
				326BC85625E4F71A005C6DEC /* Assets.xcassets in Resources */,
				326BC85425E4F719005C6DEC /* Main.storyboard in Resources */,
			);
			runOnlyForDeploymentPostprocessing = 0;
		};
/* End PBXResourcesBuildPhase section */

/* Begin PBXShellScriptBuildPhase section */
		8ED56134AF348980A9FC40A1 /* [CP] Check Pods Manifest.lock */ = {
			isa = PBXShellScriptBuildPhase;
			buildActionMask = 2147483647;
			files = (
			);
			inputFileListPaths = (
			);
			inputPaths = (
				"${PODS_PODFILE_DIR_PATH}/Podfile.lock",
				"${PODS_ROOT}/Manifest.lock",
			);
			name = "[CP] Check Pods Manifest.lock";
			outputFileListPaths = (
			);
			outputPaths = (
				"$(DERIVED_FILE_DIR)/Pods-SlidingCards-checkManifestLockResult.txt",
			);
			runOnlyForDeploymentPostprocessing = 0;
			shellPath = /bin/sh;
			shellScript = "diff \"${PODS_PODFILE_DIR_PATH}/Podfile.lock\" \"${PODS_ROOT}/Manifest.lock\" > /dev/null\nif [ $? != 0 ] ; then\n    # print error to STDERR\n    echo \"error: The sandbox is not in sync with the Podfile.lock. Run 'pod install' or update your CocoaPods installation.\" >&2\n    exit 1\nfi\n# This output is used by Xcode 'outputs' to avoid re-running this script phase.\necho \"SUCCESS\" > \"${SCRIPT_OUTPUT_FILE_0}\"\n";
			showEnvVarsInLog = 0;
		};
		B0A52E80CEF3574B1F8CDBC5 /* [CP] Embed Pods Frameworks */ = {
			isa = PBXShellScriptBuildPhase;
			buildActionMask = 2147483647;
			files = (
			);
			inputFileListPaths = (
				"${PODS_ROOT}/Target Support Files/Pods-SlidingCards/Pods-SlidingCards-frameworks-${CONFIGURATION}-input-files.xcfilelist",
			);
			name = "[CP] Embed Pods Frameworks";
			outputFileListPaths = (
				"${PODS_ROOT}/Target Support Files/Pods-SlidingCards/Pods-SlidingCards-frameworks-${CONFIGURATION}-output-files.xcfilelist",
			);
			runOnlyForDeploymentPostprocessing = 0;
			shellPath = /bin/sh;
			shellScript = "\"${PODS_ROOT}/Target Support Files/Pods-SlidingCards/Pods-SlidingCards-frameworks.sh\"\n";
			showEnvVarsInLog = 0;
		};
/* End PBXShellScriptBuildPhase section */

/* Begin PBXSourcesBuildPhase section */
		326BC84525E4F719005C6DEC /* Sources */ = {
			isa = PBXSourcesBuildPhase;
			buildActionMask = 2147483647;
			files = (
				326BC85125E4F719005C6DEC /* ViewController.swift in Sources */,
				326BC84D25E4F719005C6DEC /* AppDelegate.swift in Sources */,
				326BC84F25E4F719005C6DEC /* SceneDelegate.swift in Sources */,
			);
			runOnlyForDeploymentPostprocessing = 0;
		};
/* End PBXSourcesBuildPhase section */

/* Begin PBXVariantGroup section */
		326BC85225E4F719005C6DEC /* Main.storyboard */ = {
			isa = PBXVariantGroup;
			children = (
				326BC85325E4F719005C6DEC /* Base */,
			);
			name = Main.storyboard;
			sourceTree = "<group>";
		};
		326BC85725E4F71A005C6DEC /* LaunchScreen.storyboard */ = {
			isa = PBXVariantGroup;
			children = (
				326BC85825E4F71A005C6DEC /* Base */,
			);
			name = LaunchScreen.storyboard;
			sourceTree = "<group>";
		};
/* End PBXVariantGroup section */

/* Begin XCBuildConfiguration section */
		326BC85B25E4F71A005C6DEC /* Debug */ = {
			isa = XCBuildConfiguration;
			buildSettings = {
				ALWAYS_SEARCH_USER_PATHS = NO;
				CLANG_ANALYZER_NONNULL = YES;
				CLANG_ANALYZER_NUMBER_OBJECT_CONVERSION = YES_AGGRESSIVE;
				CLANG_CXX_LANGUAGE_STANDARD = "gnu++14";
				CLANG_CXX_LIBRARY = "libc++";
				CLANG_ENABLE_MODULES = YES;
				CLANG_ENABLE_OBJC_ARC = YES;
				CLANG_ENABLE_OBJC_WEAK = YES;
				CLANG_WARN_BLOCK_CAPTURE_AUTORELEASING = YES;
				CLANG_WARN_BOOL_CONVERSION = YES;
				CLANG_WARN_COMMA = YES;
				CLANG_WARN_CONSTANT_CONVERSION = YES;
				CLANG_WARN_DEPRECATED_OBJC_IMPLEMENTATIONS = YES;
				CLANG_WARN_DIRECT_OBJC_ISA_USAGE = YES_ERROR;
				CLANG_WARN_DOCUMENTATION_COMMENTS = YES;
				CLANG_WARN_EMPTY_BODY = YES;
				CLANG_WARN_ENUM_CONVERSION = YES;
				CLANG_WARN_INFINITE_RECURSION = YES;
				CLANG_WARN_INT_CONVERSION = YES;
				CLANG_WARN_NON_LITERAL_NULL_CONVERSION = YES;
				CLANG_WARN_OBJC_IMPLICIT_RETAIN_SELF = YES;
				CLANG_WARN_OBJC_LITERAL_CONVERSION = YES;
				CLANG_WARN_OBJC_ROOT_CLASS = YES_ERROR;
				CLANG_WARN_QUOTED_INCLUDE_IN_FRAMEWORK_HEADER = YES;
				CLANG_WARN_RANGE_LOOP_ANALYSIS = YES;
				CLANG_WARN_STRICT_PROTOTYPES = YES;
				CLANG_WARN_SUSPICIOUS_MOVE = YES;
				CLANG_WARN_UNGUARDED_AVAILABILITY = YES_AGGRESSIVE;
				CLANG_WARN_UNREACHABLE_CODE = YES;
				CLANG_WARN__DUPLICATE_METHOD_MATCH = YES;
				COPY_PHASE_STRIP = NO;
				DEBUG_INFORMATION_FORMAT = dwarf;
				ENABLE_STRICT_OBJC_MSGSEND = YES;
				ENABLE_TESTABILITY = YES;
				GCC_C_LANGUAGE_STANDARD = gnu11;
				GCC_DYNAMIC_NO_PIC = NO;
				GCC_NO_COMMON_BLOCKS = YES;
				GCC_OPTIMIZATION_LEVEL = 0;
				GCC_PREPROCESSOR_DEFINITIONS = (
					"DEBUG=1",
					"$(inherited)",
				);
				GCC_WARN_64_TO_32_BIT_CONVERSION = YES;
				GCC_WARN_ABOUT_RETURN_TYPE = YES_ERROR;
				GCC_WARN_UNDECLARED_SELECTOR = YES;
				GCC_WARN_UNINITIALIZED_AUTOS = YES_AGGRESSIVE;
				GCC_WARN_UNUSED_FUNCTION = YES;
				GCC_WARN_UNUSED_VARIABLE = YES;
				IPHONEOS_DEPLOYMENT_TARGET = 14.4;
				MTL_ENABLE_DEBUG_INFO = INCLUDE_SOURCE;
				MTL_FAST_MATH = YES;
				ONLY_ACTIVE_ARCH = YES;
				SDKROOT = iphoneos;
				SWIFT_ACTIVE_COMPILATION_CONDITIONS = DEBUG;
				SWIFT_OPTIMIZATION_LEVEL = "-Onone";
			};
			name = Debug;
		};
		326BC85C25E4F71A005C6DEC /* Release */ = {
			isa = XCBuildConfiguration;
			buildSettings = {
				ALWAYS_SEARCH_USER_PATHS = NO;
				CLANG_ANALYZER_NONNULL = YES;
				CLANG_ANALYZER_NUMBER_OBJECT_CONVERSION = YES_AGGRESSIVE;
				CLANG_CXX_LANGUAGE_STANDARD = "gnu++14";
				CLANG_CXX_LIBRARY = "libc++";
				CLANG_ENABLE_MODULES = YES;
				CLANG_ENABLE_OBJC_ARC = YES;
				CLANG_ENABLE_OBJC_WEAK = YES;
				CLANG_WARN_BLOCK_CAPTURE_AUTORELEASING = YES;
				CLANG_WARN_BOOL_CONVERSION = YES;
				CLANG_WARN_COMMA = YES;
				CLANG_WARN_CONSTANT_CONVERSION = YES;
				CLANG_WARN_DEPRECATED_OBJC_IMPLEMENTATIONS = YES;
				CLANG_WARN_DIRECT_OBJC_ISA_USAGE = YES_ERROR;
				CLANG_WARN_DOCUMENTATION_COMMENTS = YES;
				CLANG_WARN_EMPTY_BODY = YES;
				CLANG_WARN_ENUM_CONVERSION = YES;
				CLANG_WARN_INFINITE_RECURSION = YES;
				CLANG_WARN_INT_CONVERSION = YES;
				CLANG_WARN_NON_LITERAL_NULL_CONVERSION = YES;
				CLANG_WARN_OBJC_IMPLICIT_RETAIN_SELF = YES;
				CLANG_WARN_OBJC_LITERAL_CONVERSION = YES;
				CLANG_WARN_OBJC_ROOT_CLASS = YES_ERROR;
				CLANG_WARN_QUOTED_INCLUDE_IN_FRAMEWORK_HEADER = YES;
				CLANG_WARN_RANGE_LOOP_ANALYSIS = YES;
				CLANG_WARN_STRICT_PROTOTYPES = YES;
				CLANG_WARN_SUSPICIOUS_MOVE = YES;
				CLANG_WARN_UNGUARDED_AVAILABILITY = YES_AGGRESSIVE;
				CLANG_WARN_UNREACHABLE_CODE = YES;
				CLANG_WARN__DUPLICATE_METHOD_MATCH = YES;
				COPY_PHASE_STRIP = NO;
				DEBUG_INFORMATION_FORMAT = "dwarf-with-dsym";
				ENABLE_NS_ASSERTIONS = NO;
				ENABLE_STRICT_OBJC_MSGSEND = YES;
				GCC_C_LANGUAGE_STANDARD = gnu11;
				GCC_NO_COMMON_BLOCKS = YES;
				GCC_WARN_64_TO_32_BIT_CONVERSION = YES;
				GCC_WARN_ABOUT_RETURN_TYPE = YES_ERROR;
				GCC_WARN_UNDECLARED_SELECTOR = YES;
				GCC_WARN_UNINITIALIZED_AUTOS = YES_AGGRESSIVE;
				GCC_WARN_UNUSED_FUNCTION = YES;
				GCC_WARN_UNUSED_VARIABLE = YES;
				IPHONEOS_DEPLOYMENT_TARGET = 14.4;
				MTL_ENABLE_DEBUG_INFO = NO;
				MTL_FAST_MATH = YES;
				SDKROOT = iphoneos;
				SWIFT_COMPILATION_MODE = wholemodule;
				SWIFT_OPTIMIZATION_LEVEL = "-O";
				VALIDATE_PRODUCT = YES;
			};
			name = Release;
		};
		326BC85E25E4F71A005C6DEC /* Debug */ = {
			isa = XCBuildConfiguration;
			baseConfigurationReference = ACE576CFF42B6D4A8768B421 /* Pods-SlidingCards.debug.xcconfig */;
			buildSettings = {
				ASSETCATALOG_COMPILER_APPICON_NAME = AppIcon;
				ASSETCATALOG_COMPILER_GLOBAL_ACCENT_COLOR_NAME = AccentColor;
				CODE_SIGN_STYLE = Automatic;
				DEVELOPMENT_TEAM = 2V83UZ9AV3;
				INFOPLIST_FILE = SlidingCards/Info.plist;
				LD_RUNPATH_SEARCH_PATHS = (
					"$(inherited)",
					"@executable_path/Frameworks",
				);
				PRODUCT_BUNDLE_IDENTIFIER = "ru.yatsyuk.dev-mail.SlidingCards";
				PRODUCT_NAME = "$(TARGET_NAME)";
				SWIFT_VERSION = 5.0;
				TARGETED_DEVICE_FAMILY = "1,2";
			};
			name = Debug;
		};
		326BC85F25E4F71A005C6DEC /* Release */ = {
			isa = XCBuildConfiguration;
			baseConfigurationReference = 3E273605B82FB9FBBB1B6EF4 /* Pods-SlidingCards.release.xcconfig */;
			buildSettings = {
				ASSETCATALOG_COMPILER_APPICON_NAME = AppIcon;
				ASSETCATALOG_COMPILER_GLOBAL_ACCENT_COLOR_NAME = AccentColor;
				CODE_SIGN_STYLE = Automatic;
				DEVELOPMENT_TEAM = 2V83UZ9AV3;
				INFOPLIST_FILE = SlidingCards/Info.plist;
				LD_RUNPATH_SEARCH_PATHS = (
					"$(inherited)",
					"@executable_path/Frameworks",
				);
				PRODUCT_BUNDLE_IDENTIFIER = "ru.yatsyuk.dev-mail.SlidingCards";
				PRODUCT_NAME = "$(TARGET_NAME)";
				SWIFT_VERSION = 5.0;
				TARGETED_DEVICE_FAMILY = "1,2";
			};
			name = Release;
		};
/* End XCBuildConfiguration section */

/* Begin XCConfigurationList section */
		326BC84425E4F719005C6DEC /* Build configuration list for PBXProject "SlidingCards" */ = {
			isa = XCConfigurationList;
			buildConfigurations = (
				326BC85B25E4F71A005C6DEC /* Debug */,
				326BC85C25E4F71A005C6DEC /* Release */,
			);
			defaultConfigurationIsVisible = 0;
			defaultConfigurationName = Release;
		};
		326BC85D25E4F71A005C6DEC /* Build configuration list for PBXNativeTarget "SlidingCards" */ = {
			isa = XCConfigurationList;
			buildConfigurations = (
				326BC85E25E4F71A005C6DEC /* Debug */,
				326BC85F25E4F71A005C6DEC /* Release */,
			);
			defaultConfigurationIsVisible = 0;
			defaultConfigurationName = Release;
		};
/* End XCConfigurationList section */
	};
	rootObject = 326BC84125E4F719005C6DEC /* Project object */;
}
